
Microsoft Visual Studio Solution File, Format Version 12.00
# Visual Studio Version 17
VisualStudioVersion = 17.0.32112.339
MinimumVisualStudioVersion = 10.0.40219.1
Project("{9A19103F-16F7-4668-BE54-9A1E7A4F7556}") = "Checkout.Tests", "Checkout.Tests\Checkout.Tests.csproj", "{A242FDC7-386A-420F-94BB-99B3F54B1040}"
EndProject
Project("{FAE04EC0-301F-11D3-BF4B-00C04F79EFBC}") = "Checkout", "Checkout\Checkout.csproj", "{B0751149-6CA8-4486-94F5-80B85F04A409}"
EndProject
Global
	GlobalSection(SolutionConfigurationPlatforms) = preSolution
		Debug|Any CPU = Debug|Any CPU
		Release|Any CPU = Release|Any CPU
	EndGlobalSection
	GlobalSection(ProjectConfigurationPlatforms) = postSolution
		{A242FDC7-386A-420F-94BB-99B3F54B1040}.Debug|Any CPU.ActiveCfg = Debug|Any CPU
		{A242FDC7-386A-420F-94BB-99B3F54B1040}.Debug|Any CPU.Build.0 = Debug|Any CPU
		{A242FDC7-386A-420F-94BB-99B3F54B1040}.Release|Any CPU.ActiveCfg = Release|Any CPU
		{A242FDC7-386A-420F-94BB-99B3F54B1040}.Release|Any CPU.Build.0 = Release|Any CPU
		{B0751149-6CA8-4486-94F5-80B85F04A409}.Debug|Any CPU.ActiveCfg = Debug|Any CPU
		{B0751149-6CA8-4486-94F5-80B85F04A409}.Debug|Any CPU.Build.0 = Debug|Any CPU
		{B0751149-6CA8-4486-94F5-80B85F04A409}.Release|Any CPU.ActiveCfg = Release|Any CPU
		{B0751149-6CA8-4486-94F5-80B85F04A409}.Release|Any CPU.Build.0 = Release|Any CPU
	EndGlobalSection
	GlobalSection(SolutionProperties) = preSolution
		HideSolutionNode = FALSE
	EndGlobalSection
	GlobalSection(ExtensibilityGlobals) = postSolution
		SolutionGuid = {9D15F41A-3351-4F86-BC87-5BF90980868D}
	EndGlobalSection
EndGlobal
